
Microsoft Visual Studio Solution File, Format Version 10.00
# Visual Studio 2008
Project("{FAE04EC0-301F-11D3-BF4B-00C04F79EFBC}") = "CodeOMatic.Validation", "CodeOMatic.Validation\CodeOMatic.Validation.csproj", "{4CA76C77-7433-4EDA-9F46-41A62C77BA6A}"
EndProject
Project("{FAE04EC0-301F-11D3-BF4B-00C04F79EFBC}") = "CodeOMatic.Validation.CompileTime", "CodeOMatic.Validation.CompileTime\CodeOMatic.Validation.CompileTime.csproj", "{419E4BCB-15FD-4AD3-B5B8-5DD45FCA3CA8}"
EndProject
Project("{FAE04EC0-301F-11D3-BF4B-00C04F79EFBC}") = "CodeOMatic.Web", "CodeOMatic.Web\CodeOMatic.Web.csproj", "{B93AC8C6-DE54-4152-8D25-458F618540B6}"
EndProject
Project("{2150E333-8FDC-42A3-9474-1A3956D46DE8}") = "Library", "Library", "{A9F6014A-8ED8-4963-B7E7-C05039BD12B1}"
EndProject
Project("{2150E333-8FDC-42A3-9474-1A3956D46DE8}") = "Tests", "Tests", "{243F8B1E-6A56-4234-A2EC-2A1E2EB17755}"
EndProject
Project("{FAE04EC0-301F-11D3-BF4B-00C04F79EFBC}") = "CodeOMatic.Validation.UnitTests", "..\test\CodeOMatic.Validation.UnitTests\CodeOMatic.Validation.UnitTests.csproj", "{0DDE57CA-C19C-4132-A949-71F149BD56C4}"
	ProjectSection(ProjectDependencies) = postProject
		{419E4BCB-15FD-4AD3-B5B8-5DD45FCA3CA8} = {419E4BCB-15FD-4AD3-B5B8-5DD45FCA3CA8}
	EndProjectSection
EndProject
Project("{2150E333-8FDC-42A3-9474-1A3956D46DE8}") = "Installer", "Installer", "{3217F64C-09E3-4C20-933F-92540ECFDEC1}"
EndProject
Project("{FAE04EC0-301F-11D3-BF4B-00C04F79EFBC}") = "CodeOMatic.Validation.Core", "CodeOMatic.Validation.Core\CodeOMatic.Validation.Core.csproj", "{B79E4E3C-38DC-4560-AC3F-EBCFE5242D7C}"
EndProject
Project("{2150E333-8FDC-42A3-9474-1A3956D46DE8}") = "Doc", "Doc", "{BA80F33C-C9B0-4478-9D5D-E31D483B0FA1}"
	ProjectSection(SolutionItems) = preProject
		compiling.txt = compiling.txt
	EndProjectSection
EndProject
Project("{FAE04EC0-301F-11D3-BF4B-00C04F79EFBC}") = "CodeOMatic.Web.UnitTests", "..\test\CodeOMatic.Web.UnitTests\CodeOMatic.Web.UnitTests.csproj", "{CB862A54-6502-444C-91A5-D6C725C2EB12}"
EndProject
Project("{FAE04EC0-301F-11D3-BF4B-00C04F79EFBC}") = "CodeOMatic.Installer", "CodeOMatic.Installer\CodeOMatic.Installer.csproj", "{DFC844B0-ABD4-4AC3-A563-CE79797D4637}"
EndProject
Project("{FAE04EC0-301F-11D3-BF4B-00C04F79EFBC}") = "CodeOMatic.Core", "CodeOMatic.Core\CodeOMatic.Core.csproj", "{A19865A8-76A1-4823-BA3A-0718C5697D64}"
EndProject
Project("{FAE04EC0-301F-11D3-BF4B-00C04F79EFBC}") = "CodeOMatic.Logging.CompileTime", "CodeOMatic.Logging.CompileTime\CodeOMatic.Logging.CompileTime.csproj", "{1B367085-3972-4349-98B0-CD4A4B612E42}"
EndProject
Project("{FAE04EC0-301F-11D3-BF4B-00C04F79EFBC}") = "CodeOMatic.Logging", "CodeOMatic.Logging\CodeOMatic.Logging.csproj", "{7D451D1A-F00B-4244-BCEC-8AF7C5E8FD10}"
EndProject
Project("{FAE04EC0-301F-11D3-BF4B-00C04F79EFBC}") = "ConsoleApplication1", "ConsoleApplication1\ConsoleApplication1.csproj", "{1F8510EF-24A8-4EC4-9BB9-5DD5D533A347}"
	ProjectSection(ProjectDependencies) = postProject
		{1B367085-3972-4349-98B0-CD4A4B612E42} = {1B367085-3972-4349-98B0-CD4A4B612E42}
	EndProjectSection
EndProject
Global
	GlobalSection(SolutionConfigurationPlatforms) = preSolution
		Debug|Any CPU = Debug|Any CPU
		Release|Any CPU = Release|Any CPU
	EndGlobalSection
	GlobalSection(ProjectConfigurationPlatforms) = postSolution
		{4CA76C77-7433-4EDA-9F46-41A62C77BA6A}.Debug|Any CPU.ActiveCfg = Debug|Any CPU
		{4CA76C77-7433-4EDA-9F46-41A62C77BA6A}.Debug|Any CPU.Build.0 = Debug|Any CPU
		{4CA76C77-7433-4EDA-9F46-41A62C77BA6A}.Release|Any CPU.ActiveCfg = Release|Any CPU
		{4CA76C77-7433-4EDA-9F46-41A62C77BA6A}.Release|Any CPU.Build.0 = Release|Any CPU
		{419E4BCB-15FD-4AD3-B5B8-5DD45FCA3CA8}.Debug|Any CPU.ActiveCfg = Debug|Any CPU
		{419E4BCB-15FD-4AD3-B5B8-5DD45FCA3CA8}.Debug|Any CPU.Build.0 = Debug|Any CPU
		{419E4BCB-15FD-4AD3-B5B8-5DD45FCA3CA8}.Release|Any CPU.ActiveCfg = Release|Any CPU
		{419E4BCB-15FD-4AD3-B5B8-5DD45FCA3CA8}.Release|Any CPU.Build.0 = Release|Any CPU
		{B93AC8C6-DE54-4152-8D25-458F618540B6}.Debug|Any CPU.ActiveCfg = Debug|Any CPU
		{B93AC8C6-DE54-4152-8D25-458F618540B6}.Debug|Any CPU.Build.0 = Debug|Any CPU
		{B93AC8C6-DE54-4152-8D25-458F618540B6}.Release|Any CPU.ActiveCfg = Release|Any CPU
		{B93AC8C6-DE54-4152-8D25-458F618540B6}.Release|Any CPU.Build.0 = Release|Any CPU
		{0DDE57CA-C19C-4132-A949-71F149BD56C4}.Debug|Any CPU.ActiveCfg = Debug|Any CPU
		{0DDE57CA-C19C-4132-A949-71F149BD56C4}.Debug|Any CPU.Build.0 = Debug|Any CPU
		{0DDE57CA-C19C-4132-A949-71F149BD56C4}.Release|Any CPU.ActiveCfg = Release|Any CPU
		{0DDE57CA-C19C-4132-A949-71F149BD56C4}.Release|Any CPU.Build.0 = Release|Any CPU
		{B79E4E3C-38DC-4560-AC3F-EBCFE5242D7C}.Debug|Any CPU.ActiveCfg = Debug|Any CPU
		{B79E4E3C-38DC-4560-AC3F-EBCFE5242D7C}.Debug|Any CPU.Build.0 = Debug|Any CPU
		{B79E4E3C-38DC-4560-AC3F-EBCFE5242D7C}.Release|Any CPU.ActiveCfg = Release|Any CPU
		{B79E4E3C-38DC-4560-AC3F-EBCFE5242D7C}.Release|Any CPU.Build.0 = Release|Any CPU
		{CB862A54-6502-444C-91A5-D6C725C2EB12}.Debug|Any CPU.ActiveCfg = Debug|Any CPU
		{CB862A54-6502-444C-91A5-D6C725C2EB12}.Debug|Any CPU.Build.0 = Debug|Any CPU
		{CB862A54-6502-444C-91A5-D6C725C2EB12}.Release|Any CPU.ActiveCfg = Release|Any CPU
		{CB862A54-6502-444C-91A5-D6C725C2EB12}.Release|Any CPU.Build.0 = Release|Any CPU
		{DFC844B0-ABD4-4AC3-A563-CE79797D4637}.Debug|Any CPU.ActiveCfg = Debug|Any CPU
		{DFC844B0-ABD4-4AC3-A563-CE79797D4637}.Release|Any CPU.ActiveCfg = Release|Any CPU
		{DFC844B0-ABD4-4AC3-A563-CE79797D4637}.Release|Any CPU.Build.0 = Release|Any CPU
		{A19865A8-76A1-4823-BA3A-0718C5697D64}.Debug|Any CPU.ActiveCfg = Debug|Any CPU
		{A19865A8-76A1-4823-BA3A-0718C5697D64}.Debug|Any CPU.Build.0 = Debug|Any CPU
		{A19865A8-76A1-4823-BA3A-0718C5697D64}.Release|Any CPU.ActiveCfg = Release|Any CPU
		{A19865A8-76A1-4823-BA3A-0718C5697D64}.Release|Any CPU.Build.0 = Release|Any CPU
		{1B367085-3972-4349-98B0-CD4A4B612E42}.Debug|Any CPU.ActiveCfg = Debug|Any CPU
		{1B367085-3972-4349-98B0-CD4A4B612E42}.Debug|Any CPU.Build.0 = Debug|Any CPU
		{1B367085-3972-4349-98B0-CD4A4B612E42}.Release|Any CPU.ActiveCfg = Release|Any CPU
		{1B367085-3972-4349-98B0-CD4A4B612E42}.Release|Any CPU.Build.0 = Release|Any CPU
		{7D451D1A-F00B-4244-BCEC-8AF7C5E8FD10}.Debug|Any CPU.ActiveCfg = Debug|Any CPU
		{7D451D1A-F00B-4244-BCEC-8AF7C5E8FD10}.Debug|Any CPU.Build.0 = Debug|Any CPU
		{7D451D1A-F00B-4244-BCEC-8AF7C5E8FD10}.Release|Any CPU.ActiveCfg = Release|Any CPU
		{7D451D1A-F00B-4244-BCEC-8AF7C5E8FD10}.Release|Any CPU.Build.0 = Release|Any CPU
		{1F8510EF-24A8-4EC4-9BB9-5DD5D533A347}.Debug|Any CPU.ActiveCfg = Debug|Any CPU
		{1F8510EF-24A8-4EC4-9BB9-5DD5D533A347}.Debug|Any CPU.Build.0 = Debug|Any CPU
		{1F8510EF-24A8-4EC4-9BB9-5DD5D533A347}.Release|Any CPU.ActiveCfg = Release|Any CPU
		{1F8510EF-24A8-4EC4-9BB9-5DD5D533A347}.Release|Any CPU.Build.0 = Release|Any CPU
	EndGlobalSection
	GlobalSection(SolutionProperties) = preSolution
		HideSolutionNode = FALSE
	EndGlobalSection
	GlobalSection(NestedProjects) = preSolution
		{419E4BCB-15FD-4AD3-B5B8-5DD45FCA3CA8} = {A9F6014A-8ED8-4963-B7E7-C05039BD12B1}
		{B93AC8C6-DE54-4152-8D25-458F618540B6} = {A9F6014A-8ED8-4963-B7E7-C05039BD12B1}
		{4CA76C77-7433-4EDA-9F46-41A62C77BA6A} = {A9F6014A-8ED8-4963-B7E7-C05039BD12B1}
		{B79E4E3C-38DC-4560-AC3F-EBCFE5242D7C} = {A9F6014A-8ED8-4963-B7E7-C05039BD12B1}
		{A19865A8-76A1-4823-BA3A-0718C5697D64} = {A9F6014A-8ED8-4963-B7E7-C05039BD12B1}
		{1B367085-3972-4349-98B0-CD4A4B612E42} = {A9F6014A-8ED8-4963-B7E7-C05039BD12B1}
		{7D451D1A-F00B-4244-BCEC-8AF7C5E8FD10} = {A9F6014A-8ED8-4963-B7E7-C05039BD12B1}
		{0DDE57CA-C19C-4132-A949-71F149BD56C4} = {243F8B1E-6A56-4234-A2EC-2A1E2EB17755}
		{CB862A54-6502-444C-91A5-D6C725C2EB12} = {243F8B1E-6A56-4234-A2EC-2A1E2EB17755}
		{1F8510EF-24A8-4EC4-9BB9-5DD5D533A347} = {243F8B1E-6A56-4234-A2EC-2A1E2EB17755}
		{DFC844B0-ABD4-4AC3-A563-CE79797D4637} = {3217F64C-09E3-4C20-933F-92540ECFDEC1}
	EndGlobalSection
EndGlobal
